
Microsoft Visual Studio Solution File, Format Version 12.00
Project("{FAE04EC0-301F-11D3-BF4B-00C04F79EFBC}") = "StateBliss", "StateBliss\StateBliss.csproj", "{0BB61948-77F1-44F4-ACBA-BCA40CFB87DC}"
EndProject
Global
	GlobalSection(SolutionConfigurationPlatforms) = preSolution
		Debug|Any CPU = Debug|Any CPU
		Release|Any CPU = Release|Any CPU
	EndGlobalSection
	GlobalSection(ProjectConfigurationPlatforms) = postSolution
		{0BB61948-77F1-44F4-ACBA-BCA40CFB87DC}.Debug|Any CPU.ActiveCfg = Debug|Any CPU
		{0BB61948-77F1-44F4-ACBA-BCA40CFB87DC}.Debug|Any CPU.Build.0 = Debug|Any CPU
		{0BB61948-77F1-44F4-ACBA-BCA40CFB87DC}.Release|Any CPU.ActiveCfg = Release|Any CPU
		{0BB61948-77F1-44F4-ACBA-BCA40CFB87DC}.Release|Any CPU.Build.0 = Release|Any CPU
	EndGlobalSection
EndGlobal
